{
  "name": "machineid",
  "version": "1.0.0",
  "lockfileVersion": 2,
  "requires": true,
  "packages": {
    "": {
      "name": "machineid",
      "version": "1.0.0",
      "license": "ISC",
      "dependencies": {
        "machine-digest": "^0.0.7"
      }
    },
    "node_modules/machine-digest": {
      "version": "0.0.7",
      "resolved": "https://registry.npmjs.org/machine-digest/-/machine-digest-0.0.7.tgz",
      "integrity": "sha512-dxcRgOu0Osj+2/Bo0oqehnOOjDwHG+QXv84/JKV8E9MZMGDG9Ktz001rwI9G9BQHsLKNo2HyQUE3/y7dgjCfKg==",
      "hasShrinkwrap": true
    }
  },
  "dependencies": {
    "machine-digest": {
      "version": "0.0.7",
      "resolved": "https://registry.npmjs.org/machine-digest/-/machine-digest-0.0.7.tgz",
      "integrity": "sha512-dxcRgOu0Osj+2/Bo0oqehnOOjDwHG+QXv84/JKV8E9MZMGDG9Ktz001rwI9G9BQHsLKNo2HyQUE3/y7dgjCfKg=="
    }
  }
}
